// !$*UTF8*$!
{
	archiveVersion = 1;
	classes = {
	};
	objectVersion = 46;
	objects = {

/* Begin PBXBuildFile section */
		BCEDFC291CC03CF400BA7139 /* AppDelegate.swift in Sources */ = {isa = PBXBuildFile; fileRef = BCEDFC281CC03CF400BA7139 /* AppDelegate.swift */; };
		BCEDFC2B1CC03CF400BA7139 /* ViewController.swift in Sources */ = {isa = PBXBuildFile; fileRef = BCEDFC2A1CC03CF400BA7139 /* ViewController.swift */; };
		BCEDFC2E1CC03CF400BA7139 /* Main.storyboard in Resources */ = {isa = PBXBuildFile; fileRef = BCEDFC2C1CC03CF400BA7139 /* Main.storyboard */; };
		BCEDFC301CC03CF400BA7139 /* Assets.xcassets in Resources */ = {isa = PBXBuildFile; fileRef = BCEDFC2F1CC03CF400BA7139 /* Assets.xcassets */; };
		BCEDFC331CC03CF400BA7139 /* LaunchScreen.storyboard in Resources */ = {isa = PBXBuildFile; fileRef = BCEDFC311CC03CF400BA7139 /* LaunchScreen.storyboard */; };
		BCEDFC3E1CC03CF400BA7139 /* SwipesTests.swift in Sources */ = {isa = PBXBuildFile; fileRef = BCEDFC3D1CC03CF400BA7139 /* SwipesTests.swift */; };
		BCEDFC491CC03CF400BA7139 /* SwipesUITests.swift in Sources */ = {isa = PBXBuildFile; fileRef = BCEDFC481CC03CF400BA7139 /* SwipesUITests.swift */; };
/* End PBXBuildFile section */

/* Begin PBXContainerItemProxy section */
		BCEDFC3A1CC03CF400BA7139 /* PBXContainerItemProxy */ = {
			isa = PBXContainerItemProxy;
			containerPortal = BCEDFC1D1CC03CF400BA7139 /* Project object */;
			proxyType = 1;
			remoteGlobalIDString = BCEDFC241CC03CF400BA7139;
			remoteInfo = Swipes;
		};
		BCEDFC451CC03CF400BA7139 /* PBXContainerItemProxy */ = {
			isa = PBXContainerItemProxy;
			containerPortal = BCEDFC1D1CC03CF400BA7139 /* Project object */;
			proxyType = 1;
			remoteGlobalIDString = BCEDFC241CC03CF400BA7139;
			remoteInfo = Swipes;
		};
/* End PBXContainerItemProxy section */

/* Begin PBXFileReference section */
		BCEDFC251CC03CF400BA7139 /* Swipes.app */ = {isa = PBXFileReference; explicitFileType = wrapper.application; includeInIndex = 0; path = Swipes.app; sourceTree = BUILT_PRODUCTS_DIR; };
		BCEDFC281CC03CF400BA7139 /* AppDelegate.swift */ = {isa = PBXFileReference; lastKnownFileType = sourcecode.swift; path = AppDelegate.swift; sourceTree = "<group>"; };
		BCEDFC2A1CC03CF400BA7139 /* ViewController.swift */ = {isa = PBXFileReference; lastKnownFileType = sourcecode.swift; path = ViewController.swift; sourceTree = "<group>"; };
		BCEDFC2D1CC03CF400BA7139 /* Base */ = {isa = PBXFileReference; lastKnownFileType = file.storyboard; name = Base; path = Base.lproj/Main.storyboard; sourceTree = "<group>"; };
		BCEDFC2F1CC03CF400BA7139 /* Assets.xcassets */ = {isa = PBXFileReference; lastKnownFileType = folder.assetcatalog; path = Assets.xcassets; sourceTree = "<group>"; };
		BCEDFC321CC03CF400BA7139 /* Base */ = {isa = PBXFileReference; lastKnownFileType = file.storyboard; name = Base; path = Base.lproj/LaunchScreen.storyboard; sourceTree = "<group>"; };
		BCEDFC341CC03CF400BA7139 /* Info.plist */ = {isa = PBXFileReference; lastKnownFileType = text.plist.xml; path = Info.plist; sourceTree = "<group>"; };
		BCEDFC391CC03CF400BA7139 /* SwipesTests.xctest */ = {isa = PBXFileReference; explicitFileType = wrapper.cfbundle; includeInIndex = 0; path = SwipesTests.xctest; sourceTree = BUILT_PRODUCTS_DIR; };
		BCEDFC3D1CC03CF400BA7139 /* SwipesTests.swift */ = {isa = PBXFileReference; lastKnownFileType = sourcecode.swift; path = SwipesTests.swift; sourceTree = "<group>"; };
		BCEDFC3F1CC03CF400BA7139 /* Info.plist */ = {isa = PBXFileReference; lastKnownFileType = text.plist.xml; path = Info.plist; sourceTree = "<group>"; };
		BCEDFC441CC03CF400BA7139 /* SwipesUITests.xctest */ = {isa = PBXFileReference; explicitFileType = wrapper.cfbundle; includeInIndex = 0; path = SwipesUITests.xctest; sourceTree = BUILT_PRODUCTS_DIR; };
		BCEDFC481CC03CF400BA7139 /* SwipesUITests.swift */ = {isa = PBXFileReference; lastKnownFileType = sourcecode.swift; path = SwipesUITests.swift; sourceTree = "<group>"; };
		BCEDFC4A1CC03CF400BA7139 /* Info.plist */ = {isa = PBXFileReference; lastKnownFileType = text.plist.xml; path = Info.plist; sourceTree = "<group>"; };
/* End PBXFileReference section */

/* Begin PBXFrameworksBuildPhase section */
		BCEDFC221CC03CF400BA7139 /* Frameworks */ = {
			isa = PBXFrameworksBuildPhase;
			buildActionMask = 2147483647;
			files = (
			);
			runOnlyForDeploymentPostprocessing = 0;
		};
		BCEDFC361CC03CF400BA7139 /* Frameworks */ = {
			isa = PBXFrameworksBuildPhase;
			buildActionMask = 2147483647;
			files = (
			);
			runOnlyForDeploymentPostprocessing = 0;
		};
		BCEDFC411CC03CF400BA7139 /* Frameworks */ = {
			isa = PBXFrameworksBuildPhase;
			buildActionMask = 2147483647;
			files = (
			);
			runOnlyForDeploymentPostprocessing = 0;
		};
/* End PBXFrameworksBuildPhase section */

/* Begin PBXGroup section */
		BCEDFC1C1CC03CF400BA7139 = {
			isa = PBXGroup;
			children = (
				BCEDFC271CC03CF400BA7139 /* Swipes */,
				BCEDFC3C1CC03CF400BA7139 /* SwipesTests */,
				BCEDFC471CC03CF400BA7139 /* SwipesUITests */,
				BCEDFC261CC03CF400BA7139 /* Products */,
			);
			sourceTree = "<group>";
		};
		BCEDFC261CC03CF400BA7139 /* Products */ = {
			isa = PBXGroup;
			children = (
				BCEDFC251CC03CF400BA7139 /* Swipes.app */,
				BCEDFC391CC03CF400BA7139 /* SwipesTests.xctest */,
				BCEDFC441CC03CF400BA7139 /* SwipesUITests.xctest */,
			);
			name = Products;
			sourceTree = "<group>";
		};
		BCEDFC271CC03CF400BA7139 /* Swipes */ = {
			isa = PBXGroup;
			children = (
				BCEDFC281CC03CF400BA7139 /* AppDelegate.swift */,
				BCEDFC2A1CC03CF400BA7139 /* ViewController.swift */,
				BCEDFC2C1CC03CF400BA7139 /* Main.storyboard */,
				BCEDFC2F1CC03CF400BA7139 /* Assets.xcassets */,
				BCEDFC311CC03CF400BA7139 /* LaunchScreen.storyboard */,
				BCEDFC341CC03CF400BA7139 /* Info.plist */,
			);
			path = Swipes;
			sourceTree = "<group>";
		};
		BCEDFC3C1CC03CF400BA7139 /* SwipesTests */ = {
			isa = PBXGroup;
			children = (
				BCEDFC3D1CC03CF400BA7139 /* SwipesTests.swift */,
				BCEDFC3F1CC03CF400BA7139 /* Info.plist */,
			);
			path = SwipesTests;
			sourceTree = "<group>";
		};
		BCEDFC471CC03CF400BA7139 /* SwipesUITests */ = {
			isa = PBXGroup;
			children = (
				BCEDFC481CC03CF400BA7139 /* SwipesUITests.swift */,
				BCEDFC4A1CC03CF400BA7139 /* Info.plist */,
			);
			path = SwipesUITests;
			sourceTree = "<group>";
		};
/* End PBXGroup section */

/* Begin PBXNativeTarget section */
		BCEDFC241CC03CF400BA7139 /* Swipes */ = {
			isa = PBXNativeTarget;
			buildConfigurationList = BCEDFC4D1CC03CF400BA7139 /* Build configuration list for PBXNativeTarget "Swipes" */;
			buildPhases = (
				BCEDFC211CC03CF400BA7139 /* Sources */,
				BCEDFC221CC03CF400BA7139 /* Frameworks */,
				BCEDFC231CC03CF400BA7139 /* Resources */,
			);
			buildRules = (
			);
			dependencies = (
			);
			name = Swipes;
			productName = Swipes;
			productReference = BCEDFC251CC03CF400BA7139 /* Swipes.app */;
			productType = "com.apple.product-type.application";
		};
		BCEDFC381CC03CF400BA7139 /* SwipesTests */ = {
			isa = PBXNativeTarget;
			buildConfigurationList = BCEDFC501CC03CF400BA7139 /* Build configuration list for PBXNativeTarget "SwipesTests" */;
			buildPhases = (
				BCEDFC351CC03CF400BA7139 /* Sources */,
				BCEDFC361CC03CF400BA7139 /* Frameworks */,
				BCEDFC371CC03CF400BA7139 /* Resources */,
			);
			buildRules = (
			);
			dependencies = (
				BCEDFC3B1CC03CF400BA7139 /* PBXTargetDependency */,
			);
			name = SwipesTests;
			productName = SwipesTests;
			productReference = BCEDFC391CC03CF400BA7139 /* SwipesTests.xctest */;
			productType = "com.apple.product-type.bundle.unit-test";
		};
		BCEDFC431CC03CF400BA7139 /* SwipesUITests */ = {
			isa = PBXNativeTarget;
			buildConfigurationList = BCEDFC531CC03CF400BA7139 /* Build configuration list for PBXNativeTarget "SwipesUITests" */;
			buildPhases = (
				BCEDFC401CC03CF400BA7139 /* Sources */,
				BCEDFC411CC03CF400BA7139 /* Frameworks */,
				BCEDFC421CC03CF400BA7139 /* Resources */,
			);
			buildRules = (
			);
			dependencies = (
				BCEDFC461CC03CF400BA7139 /* PBXTargetDependency */,
			);
			name = SwipesUITests;
			productName = SwipesUITests;
			productReference = BCEDFC441CC03CF400BA7139 /* SwipesUITests.xctest */;
			productType = "com.apple.product-type.bundle.ui-testing";
		};
/* End PBXNativeTarget section */

/* Begin PBXProject section */
		BCEDFC1D1CC03CF400BA7139 /* Project object */ = {
			isa = PBXProject;
			attributes = {
				LastSwiftUpdateCheck = 0720;
				LastUpgradeCheck = 0720;
				ORGANIZATIONNAME = "Steve D'Amico";
				TargetAttributes = {
					BCEDFC241CC03CF400BA7139 = {
						CreatedOnToolsVersion = 7.2.1;
					};
					BCEDFC381CC03CF400BA7139 = {
						CreatedOnToolsVersion = 7.2.1;
						TestTargetID = BCEDFC241CC03CF400BA7139;
					};
					BCEDFC431CC03CF400BA7139 = {
						CreatedOnToolsVersion = 7.2.1;
						TestTargetID = BCEDFC241CC03CF400BA7139;
					};
				};
			};
			buildConfigurationList = BCEDFC201CC03CF400BA7139 /* Build configuration list for PBXProject "Swipes" */;
			compatibilityVersion = "Xcode 3.2";
			developmentRegion = English;
			hasScannedForEncodings = 0;
			knownRegions = (
				en,
				Base,
			);
			mainGroup = BCEDFC1C1CC03CF400BA7139;
			productRefGroup = BCEDFC261CC03CF400BA7139 /* Products */;
			projectDirPath = "";
			projectRoot = "";
			targets = (
				BCEDFC241CC03CF400BA7139 /* Swipes */,
				BCEDFC381CC03CF400BA7139 /* SwipesTests */,
				BCEDFC431CC03CF400BA7139 /* SwipesUITests */,
			);
		};
/* End PBXProject section */

/* Begin PBXResourcesBuildPhase section */
		BCEDFC231CC03CF400BA7139 /* Resources */ = {
			isa = PBXResourcesBuildPhase;
			buildActionMask = 2147483647;
			files = (
				BCEDFC331CC03CF400BA7139 /* LaunchScreen.storyboard in Resources */,
				BCEDFC301CC03CF400BA7139 /* Assets.xcassets in Resources */,
				BCEDFC2E1CC03CF400BA7139 /* Main.storyboard in Resources */,
			);
			runOnlyForDeploymentPostprocessing = 0;
		};
		BCEDFC371CC03CF400BA7139 /* Resources */ = {
			isa = PBXResourcesBuildPhase;
			buildActionMask = 2147483647;
			files = (
			);
			runOnlyForDeploymentPostprocessing = 0;
		};
		BCEDFC421CC03CF400BA7139 /* Resources */ = {
			isa = PBXResourcesBuildPhase;
			buildActionMask = 2147483647;
			files = (
			);
			runOnlyForDeploymentPostprocessing = 0;
		};
/* End PBXResourcesBuildPhase section */

/* Begin PBXSourcesBuildPhase section */
		BCEDFC211CC03CF400BA7139 /* Sources */ = {
			isa = PBXSourcesBuildPhase;
			buildActionMask = 2147483647;
			files = (
				BCEDFC2B1CC03CF400BA7139 /* ViewController.swift in Sources */,
				BCEDFC291CC03CF400BA7139 /* AppDelegate.swift in Sources */,
			);
			runOnlyForDeploymentPostprocessing = 0;
		};
		BCEDFC351CC03CF400BA7139 /* Sources */ = {
			isa = PBXSourcesBuildPhase;
			buildActionMask = 2147483647;
			files = (
				BCEDFC3E1CC03CF400BA7139 /* SwipesTests.swift in Sources */,
			);
			runOnlyForDeploymentPostprocessing = 0;
		};
		BCEDFC401CC03CF400BA7139 /* Sources */ = {
			isa = PBXSourcesBuildPhase;
			buildActionMask = 2147483647;
			files = (
				BCEDFC491CC03CF400BA7139 /* SwipesUITests.swift in Sources */,
			);
			runOnlyForDeploymentPostprocessing = 0;
		};
/* End PBXSourcesBuildPhase section */

/* Begin PBXTargetDependency section */
		BCEDFC3B1CC03CF400BA7139 /* PBXTargetDependency */ = {
			isa = PBXTargetDependency;
			target = BCEDFC241CC03CF400BA7139 /* Swipes */;
			targetProxy = BCEDFC3A1CC03CF400BA7139 /* PBXContainerItemProxy */;
		};
		BCEDFC461CC03CF400BA7139 /* PBXTargetDependency */ = {
			isa = PBXTargetDependency;
			target = BCEDFC241CC03CF400BA7139 /* Swipes */;
			targetProxy = BCEDFC451CC03CF400BA7139 /* PBXContainerItemProxy */;
		};
/* End PBXTargetDependency section */

/* Begin PBXVariantGroup section */
		BCEDFC2C1CC03CF400BA7139 /* Main.storyboard */ = {
			isa = PBXVariantGroup;
			children = (
				BCEDFC2D1CC03CF400BA7139 /* Base */,
			);
			name = Main.storyboard;
			sourceTree = "<group>";
		};
		BCEDFC311CC03CF400BA7139 /* LaunchScreen.storyboard */ = {
			isa = PBXVariantGroup;
			children = (
				BCEDFC321CC03CF400BA7139 /* Base */,
			);
			name = LaunchScreen.storyboard;
			sourceTree = "<group>";
		};
/* End PBXVariantGroup section */

/* Begin XCBuildConfiguration section */
		BCEDFC4B1CC03CF400BA7139 /* Debug */ = {
			isa = XCBuildConfiguration;
			buildSettings = {
				ALWAYS_SEARCH_USER_PATHS = NO;
				CLANG_CXX_LANGUAGE_STANDARD = "gnu++0x";
				CLANG_CXX_LIBRARY = "libc++";
				CLANG_ENABLE_MODULES = YES;
				CLANG_ENABLE_OBJC_ARC = YES;
				CLANG_WARN_BOOL_CONVERSION = YES;
				CLANG_WARN_CONSTANT_CONVERSION = YES;
				CLANG_WARN_DIRECT_OBJC_ISA_USAGE = YES_ERROR;
				CLANG_WARN_EMPTY_BODY = YES;
				CLANG_WARN_ENUM_CONVERSION = YES;
				CLANG_WARN_INT_CONVERSION = YES;
				CLANG_WARN_OBJC_ROOT_CLASS = YES_ERROR;
				CLANG_WARN_UNREACHABLE_CODE = YES;
				CLANG_WARN__DUPLICATE_METHOD_MATCH = YES;
				"CODE_SIGN_IDENTITY[sdk=iphoneos*]" = "iPhone Developer";
				COPY_PHASE_STRIP = NO;
				DEBUG_INFORMATION_FORMAT = dwarf;
				ENABLE_STRICT_OBJC_MSGSEND = YES;
				ENABLE_TESTABILITY = YES;
				GCC_C_LANGUAGE_STANDARD = gnu99;
				GCC_DYNAMIC_NO_PIC = NO;
				GCC_NO_COMMON_BLOCKS = YES;
				GCC_OPTIMIZATION_LEVEL = 0;
				GCC_PREPROCESSOR_DEFINITIONS = (
					"DEBUG=1",
					"$(inherited)",
				);
				GCC_WARN_64_TO_32_BIT_CONVERSION = YES;
				GCC_WARN_ABOUT_RETURN_TYPE = YES_ERROR;
				GCC_WARN_UNDECLARED_SELECTOR = YES;
				GCC_WARN_UNINITIALIZED_AUTOS = YES_AGGRESSIVE;
				GCC_WARN_UNUSED_FUNCTION = YES;
				GCC_WARN_UNUSED_VARIABLE = YES;
				IPHONEOS_DEPLOYMENT_TARGET = 9.2;
				MTL_ENABLE_DEBUG_INFO = YES;
				ONLY_ACTIVE_ARCH = YES;
				SDKROOT = iphoneos;
				SWIFT_OPTIMIZATION_LEVEL = "-Onone";
				TARGETED_DEVICE_FAMILY = "1,2";
			};
			name = Debug;
		};
		BCEDFC4C1CC03CF400BA7139 /* Release */ = {
			isa = XCBuildConfiguration;
			buildSettings = {
				ALWAYS_SEARCH_USER_PATHS = NO;
				CLANG_CXX_LANGUAGE_STANDARD = "gnu++0x";
				CLANG_CXX_LIBRARY = "libc++";
				CLANG_ENABLE_MODULES = YES;
				CLANG_ENABLE_OBJC_ARC = YES;
				CLANG_WARN_BOOL_CONVERSION = YES;
				CLANG_WARN_CONSTANT_CONVERSION = YES;
				CLANG_WARN_DIRECT_OBJC_ISA_USAGE = YES_ERROR;
				CLANG_WARN_EMPTY_BODY = YES;
				CLANG_WARN_ENUM_CONVERSION = YES;
				CLANG_WARN_INT_CONVERSION = YES;
				CLANG_WARN_OBJC_ROOT_CLASS = YES_ERROR;
				CLANG_WARN_UNREACHABLE_CODE = YES;
				CLANG_WARN__DUPLICATE_METHOD_MATCH = YES;
				"CODE_SIGN_IDENTITY[sdk=iphoneos*]" = "iPhone Developer";
				COPY_PHASE_STRIP = NO;
				DEBUG_INFORMATION_FORMAT = "dwarf-with-dsym";
				ENABLE_NS_ASSERTIONS = NO;
				ENABLE_STRICT_OBJC_MSGSEND = YES;
				GCC_C_LANGUAGE_STANDARD = gnu99;
				GCC_NO_COMMON_BLOCKS = YES;
				GCC_WARN_64_TO_32_BIT_CONVERSION = YES;
				GCC_WARN_ABOUT_RETURN_TYPE = YES_ERROR;
				GCC_WARN_UNDECLARED_SELECTOR = YES;
				GCC_WARN_UNINITIALIZED_AUTOS = YES_AGGRESSIVE;
				GCC_WARN_UNUSED_FUNCTION = YES;
				GCC_WARN_UNUSED_VARIABLE = YES;
				IPHONEOS_DEPLOYMENT_TARGET = 9.2;
				MTL_ENABLE_DEBUG_INFO = NO;
				SDKROOT = iphoneos;
				TARGETED_DEVICE_FAMILY = "1,2";
				VALIDATE_PRODUCT = YES;
			};
			name = Release;
		};
		BCEDFC4E1CC03CF400BA7139 /* Debug */ = {
			isa = XCBuildConfiguration;
			buildSettings = {
				ASSETCATALOG_COMPILER_APPICON_NAME = AppIcon;
				INFOPLIST_FILE = Swipes/Info.plist;
				LD_RUNPATH_SEARCH_PATHS = "$(inherited) @executable_path/Frameworks";
				PRODUCT_BUNDLE_IDENTIFIER = com.CTMI.Swipes;
				PRODUCT_NAME = "$(TARGET_NAME)";
			};
			name = Debug;
		};
		BCEDFC4F1CC03CF400BA7139 /* Release */ = {
			isa = XCBuildConfiguration;
			buildSettings = {
				ASSETCATALOG_COMPILER_APPICON_NAME = AppIcon;
				INFOPLIST_FILE = Swipes/Info.plist;
				LD_RUNPATH_SEARCH_PATHS = "$(inherited) @executable_path/Frameworks";
				PRODUCT_BUNDLE_IDENTIFIER = com.CTMI.Swipes;
				PRODUCT_NAME = "$(TARGET_NAME)";
			};
			name = Release;
		};
		BCEDFC511CC03CF400BA7139 /* Debug */ = {
			isa = XCBuildConfiguration;
			buildSettings = {
				BUNDLE_LOADER = "$(TEST_HOST)";
				INFOPLIST_FILE = SwipesTests/Info.plist;
				LD_RUNPATH_SEARCH_PATHS = "$(inherited) @executable_path/Frameworks @loader_path/Frameworks";
				PRODUCT_BUNDLE_IDENTIFIER = com.CTMI.SwipesTests;
				PRODUCT_NAME = "$(TARGET_NAME)";
				TEST_HOST = "$(BUILT_PRODUCTS_DIR)/Swipes.app/Swipes";
			};
			name = Debug;
		};
		BCEDFC521CC03CF400BA7139 /* Release */ = {
			isa = XCBuildConfiguration;
			buildSettings = {
				BUNDLE_LOADER = "$(TEST_HOST)";
				INFOPLIST_FILE = SwipesTests/Info.plist;
				LD_RUNPATH_SEARCH_PATHS = "$(inherited) @executable_path/Frameworks @loader_path/Frameworks";
				PRODUCT_BUNDLE_IDENTIFIER = com.CTMI.SwipesTests;
				PRODUCT_NAME = "$(TARGET_NAME)";
				TEST_HOST = "$(BUILT_PRODUCTS_DIR)/Swipes.app/Swipes";
			};
			name = Release;
		};
		BCEDFC541CC03CF400BA7139 /* Debug */ = {
			isa = XCBuildConfiguration;
			buildSettings = {
				INFOPLIST_FILE = SwipesUITests/Info.plist;
				LD_RUNPATH_SEARCH_PATHS = "$(inherited) @executable_path/Frameworks @loader_path/Frameworks";
				PRODUCT_BUNDLE_IDENTIFIER = com.CTMI.SwipesUITests;
				PRODUCT_NAME = "$(TARGET_NAME)";
				TEST_TARGET_NAME = Swipes;
				USES_XCTRUNNER = YES;
			};
			name = Debug;
		};
		BCEDFC551CC03CF400BA7139 /* Release */ = {
			isa = XCBuildConfiguration;
			buildSettings = {
				INFOPLIST_FILE = SwipesUITests/Info.plist;
				LD_RUNPATH_SEARCH_PATHS = "$(inherited) @executable_path/Frameworks @loader_path/Frameworks";
				PRODUCT_BUNDLE_IDENTIFIER = com.CTMI.SwipesUITests;
				PRODUCT_NAME = "$(TARGET_NAME)";
				TEST_TARGET_NAME = Swipes;
				USES_XCTRUNNER = YES;
			};
			name = Release;
		};
/* End XCBuildConfiguration section */

/* Begin XCConfigurationList section */
		BCEDFC201CC03CF400BA7139 /* Build configuration list for PBXProject "Swipes" */ = {
			isa = XCConfigurationList;
			buildConfigurations = (
				BCEDFC4B1CC03CF400BA7139 /* Debug */,
				BCEDFC4C1CC03CF400BA7139 /* Release */,
			);
			defaultConfigurationIsVisible = 0;
			defaultConfigurationName = Release;
		};
		BCEDFC4D1CC03CF400BA7139 /* Build configuration list for PBXNativeTarget "Swipes" */ = {
			isa = XCConfigurationList;
			buildConfigurations = (
				BCEDFC4E1CC03CF400BA7139 /* Debug */,
				BCEDFC4F1CC03CF400BA7139 /* Release */,
			);
			defaultConfigurationIsVisible = 0;
		};
		BCEDFC501CC03CF400BA7139 /* Build configuration list for PBXNativeTarget "SwipesTests" */ = {
			isa = XCConfigurationList;
			buildConfigurations = (
				BCEDFC511CC03CF400BA7139 /* Debug */,
				BCEDFC521CC03CF400BA7139 /* Release */,
			);
			defaultConfigurationIsVisible = 0;
		};
		BCEDFC531CC03CF400BA7139 /* Build configuration list for PBXNativeTarget "SwipesUITests" */ = {
			isa = XCConfigurationList;
			buildConfigurations = (
				BCEDFC541CC03CF400BA7139 /* Debug */,
				BCEDFC551CC03CF400BA7139 /* Release */,
			);
			defaultConfigurationIsVisible = 0;
		};
/* End XCConfigurationList section */
	};
	rootObject = BCEDFC1D1CC03CF400BA7139 /* Project object */;
}
